PODS:
  - FlutterMacOS (1.0.0)
  - geodb_flutter (0.0.1):
    - FlutterMacOS

DEPENDENCIES:
  - FlutterMacOS (from `Flutter/ephemeral`)
  - geodb_flutter (from `Flutter/ephemeral/.symlinks/plugins/geodb_flutter/macos`)

EXTERNAL SOURCES:
  FlutterMacOS:
    :path: Flutter/ephemeral
  geodb_flutter:
    :path: Flutter/ephemeral/.symlinks/plugins/geodb_flutter/macos

SPEC CHECKSUMS:
  FlutterMacOS: d0db08ddef1a9af05a5ec4b724367152bb0500b1
  geodb_flutter: cb8ff9ae95382dfd78bc72edf66cfc30dc586c7f

PODFILE CHECKSUM: 54d867c82ac51cbd61b565781b9fada492027009

COCOAPODS: 1.16.2
